
Microsoft Visual Studio Solution File, Format Version 12.00
# Visual Studio Version 17
VisualStudioVersion = 17.4.33103.184
MinimumVisualStudioVersion = 10.0.40219.1
Project("{FAE04EC0-301F-11D3-BF4B-00C04F79EFBC}") = "ProteinShop.Entities", "ProteinShop.Entities\ProteinShop.Entities.csproj", "{B303B05C-D92F-4759-B1D6-DCA9F5CC49A6}"
EndProject
Project("{FAE04EC0-301F-11D3-BF4B-00C04F79EFBC}") = "ProteinShop.DataAccessLayer", "ProteinShop.DataAccessLayer\ProteinShop.DataAccessLayer.csproj", "{9E4A79C7-A549-483E-87A4-6CA9951D2E85}"
EndProject
Project("{FAE04EC0-301F-11D3-BF4B-00C04F79EFBC}") = "Core", "Core\Core.csproj", "{51074B67-A9C7-4DF7-8E9E-D025ED022E0F}"
EndProject
Project("{FAE04EC0-301F-11D3-BF4B-00C04F79EFBC}") = "ProteinShop.Business", "ProteinShop.Business\ProteinShop.Business.csproj", "{E2701627-5C77-4F9D-BF74-662563FBCD9F}"
EndProject
Global
	GlobalSection(SolutionConfigurationPlatforms) = preSolution
		Debug|Any CPU = Debug|Any CPU
		Release|Any CPU = Release|Any CPU
	EndGlobalSection
	GlobalSection(ProjectConfigurationPlatforms) = postSolution
		{B303B05C-D92F-4759-B1D6-DCA9F5CC49A6}.Debug|Any CPU.ActiveCfg = Debug|Any CPU
		{B303B05C-D92F-4759-B1D6-DCA9F5CC49A6}.Debug|Any CPU.Build.0 = Debug|Any CPU
		{B303B05C-D92F-4759-B1D6-DCA9F5CC49A6}.Release|Any CPU.ActiveCfg = Release|Any CPU
		{B303B05C-D92F-4759-B1D6-DCA9F5CC49A6}.Release|Any CPU.Build.0 = Release|Any CPU
		{9E4A79C7-A549-483E-87A4-6CA9951D2E85}.Debug|Any CPU.ActiveCfg = Debug|Any CPU
		{9E4A79C7-A549-483E-87A4-6CA9951D2E85}.Debug|Any CPU.Build.0 = Debug|Any CPU
		{9E4A79C7-A549-483E-87A4-6CA9951D2E85}.Release|Any CPU.ActiveCfg = Release|Any CPU
		{9E4A79C7-A549-483E-87A4-6CA9951D2E85}.Release|Any CPU.Build.0 = Release|Any CPU
		{51074B67-A9C7-4DF7-8E9E-D025ED022E0F}.Debug|Any CPU.ActiveCfg = Debug|Any CPU
		{51074B67-A9C7-4DF7-8E9E-D025ED022E0F}.Debug|Any CPU.Build.0 = Debug|Any CPU
		{51074B67-A9C7-4DF7-8E9E-D025ED022E0F}.Release|Any CPU.ActiveCfg = Release|Any CPU
		{51074B67-A9C7-4DF7-8E9E-D025ED022E0F}.Release|Any CPU.Build.0 = Release|Any CPU
		{E2701627-5C77-4F9D-BF74-662563FBCD9F}.Debug|Any CPU.ActiveCfg = Debug|Any CPU
		{E2701627-5C77-4F9D-BF74-662563FBCD9F}.Debug|Any CPU.Build.0 = Debug|Any CPU
		{E2701627-5C77-4F9D-BF74-662563FBCD9F}.Release|Any CPU.ActiveCfg = Release|Any CPU
		{E2701627-5C77-4F9D-BF74-662563FBCD9F}.Release|Any CPU.Build.0 = Release|Any CPU
	EndGlobalSection
	GlobalSection(SolutionProperties) = preSolution
		HideSolutionNode = FALSE
	EndGlobalSection
	GlobalSection(ExtensibilityGlobals) = postSolution
		SolutionGuid = {B76A4FD3-FE38-48F5-B131-F2782CE9AC84}
	EndGlobalSection
EndGlobal
